
Microsoft Visual Studio Solution File, Format Version 12.00
# Visual Studio 15
VisualStudioVersion = 15.0.26730.16
MinimumVisualStudioVersion = 10.0.40219.1
Project("{FAE04EC0-301F-11D3-BF4B-00C04F79EFBC}") = "ToDoApi", "ToDoApi\ToDoApi.csproj", "{A5CF2114-B77E-4502-868C-42F4F1314387}"
EndProject
Global
	GlobalSection(SolutionConfigurationPlatforms) = preSolution
		Debug|Any CPU = Debug|Any CPU
		Release|Any CPU = Release|Any CPU
	EndGlobalSection
	GlobalSection(ProjectConfigurationPlatforms) = postSolution
		{A5CF2114-B77E-4502-868C-42F4F1314387}.Debug|Any CPU.ActiveCfg = Debug|Any CPU
		{A5CF2114-B77E-4502-868C-42F4F1314387}.Debug|Any CPU.Build.0 = Debug|Any CPU
		{A5CF2114-B77E-4502-868C-42F4F1314387}.Release|Any CPU.ActiveCfg = Release|Any CPU
		{A5CF2114-B77E-4502-868C-42F4F1314387}.Release|Any CPU.Build.0 = Release|Any CPU
	EndGlobalSection
	GlobalSection(SolutionProperties) = preSolution
		HideSolutionNode = FALSE
	EndGlobalSection
	GlobalSection(ExtensibilityGlobals) = postSolution
		SolutionGuid = {F4363E3D-062E-49BE-A5B2-8965512654A0}
	EndGlobalSection
EndGlobal
